version = 1
revision = 3
requires-python = ">=3.12"

[[package]]
name = "databricks-lab"
version = "0.1.0"
source = { virtual = "." }
dependencies = [
    { name = "delta-spark" },
    { name = "pyspark" },
]

[package.metadata]
requires-dist = [
    { name = "delta-spark", specifier = "==4.0.0" },
    { name = "pyspark", specifier = "==4.0.0" },
]

[[package]]
name = "delta-spark"
version = "4.0.0"
source = { registry = "https://pypi.org/simple" }
dependencies = [
    { name = "importlib-metadata" },
    { name = "pyspark" },
]
sdist = { url = "https://files.pythonhosted.org/packages/22/fd/37a0c2ee6fbf4dcbf034178dcb978ba586d37dc9c95214b90416d1042735/delta-spark-4.0.0.tar.gz", hash = "sha256:39325d76d6e5d8b5fea9d47827c59f5e0674844cb95f97b2cc613bfc5209c7ec", size = 35026, upload-time = "2025-06-06T01:41:46.286Z" }
wheels = [
    { url = "https://files.pythonhosted.org/packages/3b/d8/265a93d22ae79262cdff701496a6f5676926a342153f3855ae6060430660/delta_spark-4.0.0-py3-none-any.whl", hash = "sha256:4e4ded07bb9ee4f6a0df45606d84395239d4b82001e765a627fecc1e914f3029", size = 39756, upload-time = "2025-06-06T01:41:44.815Z" },
]

[[package]]
name = "importlib-metadata"
version = "9.0.1"
source = { registry = "https://pypi.org/simple" }
dependencies = [
    { name = "zipp" },
]
sdist = { url = "https://files.pythonhosted.org/packages/6f/7e/1e7e8dc30634b93ebb3d58a3dea569ad146e656218d3960ab04f62047b29/importlib_metadata-9.0.1.tar.gz", hash = "sha256:ab830580bc0ef3db61ce8fae716389e5462b67e033018bab6d8f80ef17172f99", size = 59124, upload-time = "2026-08-28T15:30:34.646Z" }
wheels = [
    { url = "https://files.pythonhosted.org/packages/b3/55/ecca97ae19075f1fac62def77731e7f535e6c1fb8f92ff08160c5e6dade8/importlib_metadata-9.0.1-py3-none-any.whl", hash = "sha256:bba5600596a7e21f3eef53281cf28d6a5195634d2f2b78ff9501a3272c6eaab0", size = 27920, upload-time = "2026-08-28T15:30:33.433Z" },
]

[[package]]
name = "py4j"
version = "0.10.9.9"
source = { registry = "https://pypi.org/simple" }
sdist = { url = "https://files.pythonhosted.org/packages/38/31/0b210511177070c8d5d3059556194352e5753602fa64b85b7ab81ec1a009/py4j-0.10.9.9.tar.gz", hash = "sha256:f694cad19efa5bd1dee4f3e5270eb406613c974394035e5bfc4ec1aba870b879", size = 761089, upload-time = "2025-01-15T03:53:18.624Z" }
wheels = [
    { url = "https://files.pythonhosted.org/packages/bd/db/ea0203e495be491c85af87b66e37acfd3bf756fd985f87e46fc5e3bf022c/py4j-0.10.9.9-py2.py3-none-any.whl", hash = "sha256:c7c26e4158defb37b0bb124933163641a2ff6e3a3913f7811b0ddbe07ed61533", size = 203008, upload-time = "2025-01-15T03:53:15.648Z" },
]

[[package]]
name = "pyspark"
version = "4.0.0"
source = { registry = "https://pypi.org/simple" }
dependencies = [
    { name = "py4j" },
]
sdist = { url = "https://files.pythonhosted.org/packages/9d/0e/5b38d51f1b1c2618cccfbf35093268665af9a3bdb493e5a3ecd991def633/pyspark-4.0.0.tar.gz", hash = "sha256:38db1b4f6095a080d7605e578d775528990e66dc326311d93e94a71cfc24e5a5", size = 434132212, upload-time = "2025-05-23T03:29:33.916Z" }

[[package]]
name = "zipp"
version = "4.1.1"
source = { registry = "https://pypi.org/simple" }
sdist = { url = "https://files.pythonhosted.org/packages/dc/23/655a1802fe8041302c959774ca7c80b53bc24737ff3ef45cb50ef11bd96c/zipp-4.1.1.tar.gz", hash = "sha256:7ebb7a44c021b29fd8dbd7cce6812d0d7b5b454521f93cc71af6ccd155aaa70b", size = 27649, upload-time = "2026-10-03T17:03:03.452Z" }
wheels = [
    { url = "https://files.pythonhosted.org/packages/b5/98/df615823cd9419131ce19fba00de53a663794369e198aade064a244b385d/zipp-4.1.1-py3-none-any.whl", hash = "sha256:8979f52d874162f485ff2981e3891f3a3317b7a3dd43ff1e1775b9304f307a9c", size = 10582, upload-time = "2026-10-03T17:03:02.506Z" },
]
